
Microsoft Visual Studio Solution File, Format Version 12.00
# Visual Studio Version 16
VisualStudioVersion = 16.0.30503.244
MinimumVisualStudioVersion = 10.0.40219.1
Project("{FAE04EC0-301F-11D3-BF4B-00C04F79EFBC}") = "Calcul", "Calcul\Calcul.csproj", "{CFB6001A-26F5-417B-A6E5-BD632AA4CC85}"
EndProject
Global
	GlobalSection(SolutionConfigurationPlatforms) = preSolution
		Debug|Any CPU = Debug|Any CPU
		Release|Any CPU = Release|Any CPU
	EndGlobalSection
	GlobalSection(ProjectConfigurationPlatforms) = postSolution
		{CFB6001A-26F5-417B-A6E5-BD632AA4CC85}.Debug|Any CPU.ActiveCfg = Debug|Any CPU
		{CFB6001A-26F5-417B-A6E5-BD632AA4CC85}.Debug|Any CPU.Build.0 = Debug|Any CPU
		{CFB6001A-26F5-417B-A6E5-BD632AA4CC85}.Debug|Any CPU.Deploy.0 = Debug|Any CPU
		{CFB6001A-26F5-417B-A6E5-BD632AA4CC85}.Release|Any CPU.ActiveCfg = Release|Any CPU
		{CFB6001A-26F5-417B-A6E5-BD632AA4CC85}.Release|Any CPU.Build.0 = Release|Any CPU
		{CFB6001A-26F5-417B-A6E5-BD632AA4CC85}.Release|Any CPU.Deploy.0 = Release|Any CPU
	EndGlobalSection
	GlobalSection(SolutionProperties) = preSolution
		HideSolutionNode = FALSE
	EndGlobalSection
	GlobalSection(ExtensibilityGlobals) = postSolution
		SolutionGuid = {9787B197-9F05-4F38-AD8F-27CEE168B074}
	EndGlobalSection
EndGlobal
